
Microsoft Visual Studio Solution File, Format Version 12.00
# Visual Studio Version 17
VisualStudioVersion = 17.7.34024.191
MinimumVisualStudioVersion = 10.0.40219.1
Project("{9A19103F-16F7-4668-BE54-9A1E7A4F7556}") = "Lab31", "Lab31\Lab31.csproj", "{64624AA0-F011-4E61-A684-D3A795D75FD1}"
EndProject
Project("{FAE04EC0-301F-11D3-BF4B-00C04F79EFBC}") = "Lab312", "Lab312\Lab312.csproj", "{61B461A4-6301-4F4F-809D-F59081EC0DAD}"
EndProject
Project("{FAE04EC0-301F-11D3-BF4B-00C04F79EFBC}") = "RectangleTest", "RectangleTest\RectangleTest.csproj", "{B7BFFA41-E94A-4C6F-AA6F-B05888EC1D77}"
EndProject
Project("{FAE04EC0-301F-11D3-BF4B-00C04F79EFBC}") = "Lab313", "Lab313\Lab313.csproj", "{C1962B46-10FE-41C0-A10A-D8E74AA6C10E}"
EndProject
Project("{FAE04EC0-301F-11D3-BF4B-00C04F79EFBC}") = "FigureTest", "FigureTest\FigureTest.csproj", "{1B8074DD-5F5C-41CA-8BD6-FC403C42AA9C}"
EndProject
Global
	GlobalSection(SolutionConfigurationPlatforms) = preSolution
		Debug|Any CPU = Debug|Any CPU
		Release|Any CPU = Release|Any CPU
	EndGlobalSection
	GlobalSection(ProjectConfigurationPlatforms) = postSolution
		{64624AA0-F011-4E61-A684-D3A795D75FD1}.Debug|Any CPU.ActiveCfg = Debug|Any CPU
		{64624AA0-F011-4E61-A684-D3A795D75FD1}.Debug|Any CPU.Build.0 = Debug|Any CPU
		{64624AA0-F011-4E61-A684-D3A795D75FD1}.Release|Any CPU.ActiveCfg = Release|Any CPU
		{64624AA0-F011-4E61-A684-D3A795D75FD1}.Release|Any CPU.Build.0 = Release|Any CPU
		{61B461A4-6301-4F4F-809D-F59081EC0DAD}.Debug|Any CPU.ActiveCfg = Debug|Any CPU
		{61B461A4-6301-4F4F-809D-F59081EC0DAD}.Debug|Any CPU.Build.0 = Debug|Any CPU
		{61B461A4-6301-4F4F-809D-F59081EC0DAD}.Release|Any CPU.ActiveCfg = Release|Any CPU
		{61B461A4-6301-4F4F-809D-F59081EC0DAD}.Release|Any CPU.Build.0 = Release|Any CPU
		{B7BFFA41-E94A-4C6F-AA6F-B05888EC1D77}.Debug|Any CPU.ActiveCfg = Debug|Any CPU
		{B7BFFA41-E94A-4C6F-AA6F-B05888EC1D77}.Debug|Any CPU.Build.0 = Debug|Any CPU
		{B7BFFA41-E94A-4C6F-AA6F-B05888EC1D77}.Release|Any CPU.ActiveCfg = Release|Any CPU
		{B7BFFA41-E94A-4C6F-AA6F-B05888EC1D77}.Release|Any CPU.Build.0 = Release|Any CPU
		{C1962B46-10FE-41C0-A10A-D8E74AA6C10E}.Debug|Any CPU.ActiveCfg = Debug|Any CPU
		{C1962B46-10FE-41C0-A10A-D8E74AA6C10E}.Debug|Any CPU.Build.0 = Debug|Any CPU
		{C1962B46-10FE-41C0-A10A-D8E74AA6C10E}.Release|Any CPU.ActiveCfg = Release|Any CPU
		{C1962B46-10FE-41C0-A10A-D8E74AA6C10E}.Release|Any CPU.Build.0 = Release|Any CPU
		{1B8074DD-5F5C-41CA-8BD6-FC403C42AA9C}.Debug|Any CPU.ActiveCfg = Debug|Any CPU
		{1B8074DD-5F5C-41CA-8BD6-FC403C42AA9C}.Debug|Any CPU.Build.0 = Debug|Any CPU
		{1B8074DD-5F5C-41CA-8BD6-FC403C42AA9C}.Release|Any CPU.ActiveCfg = Release|Any CPU
		{1B8074DD-5F5C-41CA-8BD6-FC403C42AA9C}.Release|Any CPU.Build.0 = Release|Any CPU
	EndGlobalSection
	GlobalSection(SolutionProperties) = preSolution
		HideSolutionNode = FALSE
	EndGlobalSection
	GlobalSection(ExtensibilityGlobals) = postSolution
		SolutionGuid = {5FF26DAC-938F-4495-8D12-36CAC6F525AF}
	EndGlobalSection
EndGlobal
